
Microsoft Visual Studio Solution File, Format Version 12.00
# Visual Studio 15
VisualStudioVersion = 15.0.28307.489
MinimumVisualStudioVersion = 10.0.40219.1
Project("{FAE04EC0-301F-11D3-BF4B-00C04F79EFBC}") = "CHAD.DesktopApplication", "DesktopApplication\CHAD.DesktopApplication.csproj", "{B95DA703-31C1-4869-9CE7-FC36C3CC376F}"
EndProject
Project("{9A19103F-16F7-4668-BE54-9A1E7A4F7556}") = "SOSIEL", "SOSIEL\SOSIEL.csproj", "{62635466-DA2E-4270-82D4-58D09A1164F6}"
EndProject
Project("{9A19103F-16F7-4668-BE54-9A1E7A4F7556}") = "CHAD.Model", "Model\CHAD.Model.csproj", "{1BA05C24-DF51-4DAF-B7F7-B6607ADE7B8D}"
EndProject
Project("{9A19103F-16F7-4668-BE54-9A1E7A4F7556}") = "CHAD.DataAccess", "DataAccess\CHAD.DataAccess.csproj", "{BEF0D056-469B-4A3C-A4F0-665A987D6E7D}"
EndProject
Project("{9A19103F-16F7-4668-BE54-9A1E7A4F7556}") = "CHADSOSIEL", "CHADSOSIEL\CHADSOSIEL.csproj", "{A278EBB7-5F64-43FD-861D-A7881839B696}"
EndProject
Global
	GlobalSection(SolutionConfigurationPlatforms) = preSolution
		Debug|Any CPU = Debug|Any CPU
		Release|Any CPU = Release|Any CPU
	EndGlobalSection
	GlobalSection(ProjectConfigurationPlatforms) = postSolution
		{B95DA703-31C1-4869-9CE7-FC36C3CC376F}.Debug|Any CPU.ActiveCfg = Debug|Any CPU
		{B95DA703-31C1-4869-9CE7-FC36C3CC376F}.Debug|Any CPU.Build.0 = Debug|Any CPU
		{B95DA703-31C1-4869-9CE7-FC36C3CC376F}.Release|Any CPU.ActiveCfg = Release|Any CPU
		{B95DA703-31C1-4869-9CE7-FC36C3CC376F}.Release|Any CPU.Build.0 = Release|Any CPU
		{62635466-DA2E-4270-82D4-58D09A1164F6}.Debug|Any CPU.ActiveCfg = Debug|Any CPU
		{62635466-DA2E-4270-82D4-58D09A1164F6}.Debug|Any CPU.Build.0 = Debug|Any CPU
		{62635466-DA2E-4270-82D4-58D09A1164F6}.Release|Any CPU.ActiveCfg = Release|Any CPU
		{62635466-DA2E-4270-82D4-58D09A1164F6}.Release|Any CPU.Build.0 = Release|Any CPU
		{1BA05C24-DF51-4DAF-B7F7-B6607ADE7B8D}.Debug|Any CPU.ActiveCfg = Debug|Any CPU
		{1BA05C24-DF51-4DAF-B7F7-B6607ADE7B8D}.Debug|Any CPU.Build.0 = Debug|Any CPU
		{1BA05C24-DF51-4DAF-B7F7-B6607ADE7B8D}.Release|Any CPU.ActiveCfg = Release|Any CPU
		{1BA05C24-DF51-4DAF-B7F7-B6607ADE7B8D}.Release|Any CPU.Build.0 = Release|Any CPU
		{BEF0D056-469B-4A3C-A4F0-665A987D6E7D}.Debug|Any CPU.ActiveCfg = Debug|Any CPU
		{BEF0D056-469B-4A3C-A4F0-665A987D6E7D}.Debug|Any CPU.Build.0 = Debug|Any CPU
		{BEF0D056-469B-4A3C-A4F0-665A987D6E7D}.Release|Any CPU.ActiveCfg = Release|Any CPU
		{BEF0D056-469B-4A3C-A4F0-665A987D6E7D}.Release|Any CPU.Build.0 = Release|Any CPU
		{A278EBB7-5F64-43FD-861D-A7881839B696}.Debug|Any CPU.ActiveCfg = Debug|Any CPU
		{A278EBB7-5F64-43FD-861D-A7881839B696}.Debug|Any CPU.Build.0 = Debug|Any CPU
		{A278EBB7-5F64-43FD-861D-A7881839B696}.Release|Any CPU.ActiveCfg = Release|Any CPU
		{A278EBB7-5F64-43FD-861D-A7881839B696}.Release|Any CPU.Build.0 = Release|Any CPU
	EndGlobalSection
	GlobalSection(SolutionProperties) = preSolution
		HideSolutionNode = FALSE
	EndGlobalSection
	GlobalSection(ExtensibilityGlobals) = postSolution
		SolutionGuid = {A64D664A-607A-4EB3-80A6-F3278E151C50}
	EndGlobalSection
EndGlobal
